lockfileVersion: '9.0'

settings:
  autoInstallPeers: true
  excludeLinksFromLockfile: false

importers:

  .:
    devDependencies:
      prettier:
        specifier: ^3.7.4
        version: 3.7.4

packages:

  prettier@3.7.4:
    resolution: {integrity: sha512-v6UNi1+3hSlVvv8fSaoUbggEM5VErKmmpGA7Pl3HF8V6uKY7rvClBOJlH6yNwQtfTueNkGVpOv/mtWL9L4bgRA==}
    engines: {node: '>=14'}
    hasBin: true

snapshots:

  prettier@3.7.4: {}
